
Microsoft Visual Studio Solution File, Format Version 12.00
# Visual Studio Version 17
VisualStudioVersion = 17.11.35303.130
MinimumVisualStudioVersion = 10.0.40219.1
Project("{FAE04EC0-301F-11D3-BF4B-00C04F79EFBC}") = "ramz", "ramz\ramz.csproj", "{5280812D-4491-459A-8634-9FBE043BF93F}"
EndProject
Global
	GlobalSection(SolutionConfigurationPlatforms) = preSolution
		Debug|Any CPU = Debug|Any CPU
		Release|Any CPU = Release|Any CPU
	EndGlobalSection
	GlobalSection(ProjectConfigurationPlatforms) = postSolution
		{5280812D-4491-459A-8634-9FBE043BF93F}.Debug|Any CPU.ActiveCfg = Debug|Any CPU
		{5280812D-4491-459A-8634-9FBE043BF93F}.Debug|Any CPU.Build.0 = Debug|Any CPU
		{5280812D-4491-459A-8634-9FBE043BF93F}.Release|Any CPU.ActiveCfg = Release|Any CPU
		{5280812D-4491-459A-8634-9FBE043BF93F}.Release|Any CPU.Build.0 = Release|Any CPU
	EndGlobalSection
	GlobalSection(SolutionProperties) = preSolution
		HideSolutionNode = FALSE
	EndGlobalSection
	GlobalSection(ExtensibilityGlobals) = postSolution
		SolutionGuid = {DF466FB8-0BF9-492A-8598-7F7B6E97EE52}
	EndGlobalSection
EndGlobal
